
Microsoft Visual Studio Solution File, Format Version 12.00
# Visual Studio Version 17
VisualStudioVersion = 17.3.32929.385
MinimumVisualStudioVersion = 10.0.40219.1
Project("{FAE04EC0-301F-11D3-BF4B-00C04F79EFBC}") = "ekzSlovar", "ekzSlovar.csproj", "{345796FF-E5CD-441E-BA23-EC6A0BD8405B}"
EndProject
Global
	GlobalSection(SolutionConfigurationPlatforms) = preSolution
		Debug|Any CPU = Debug|Any CPU
		Release|Any CPU = Release|Any CPU
	EndGlobalSection
	GlobalSection(ProjectConfigurationPlatforms) = postSolution
		{345796FF-E5CD-441E-BA23-EC6A0BD8405B}.Debug|Any CPU.ActiveCfg = Debug|Any CPU
		{345796FF-E5CD-441E-BA23-EC6A0BD8405B}.Debug|Any CPU.Build.0 = Debug|Any CPU
		{345796FF-E5CD-441E-BA23-EC6A0BD8405B}.Release|Any CPU.ActiveCfg = Release|Any CPU
		{345796FF-E5CD-441E-BA23-EC6A0BD8405B}.Release|Any CPU.Build.0 = Release|Any CPU
	EndGlobalSection
	GlobalSection(SolutionProperties) = preSolution
		HideSolutionNode = FALSE
	EndGlobalSection
	GlobalSection(ExtensibilityGlobals) = postSolution
		SolutionGuid = {848C5234-855D-4FF7-A344-BFCC6AD94C54}
	EndGlobalSection
EndGlobal
